
Microsoft Visual Studio Solution File, Format Version 12.00
# Visual Studio Version 16
VisualStudioVersion = 16.0.28803.352
MinimumVisualStudioVersion = 10.0.40219.1
Project("{FAE04EC0-301F-11D3-BF4B-00C04F79EFBC}") = "CourseDoc", "CourseDoc\CourseDoc.csproj", "{9E29FD33-E82B-46B1-AF85-CFD967151616}"
EndProject
Global
	GlobalSection(SolutionConfigurationPlatforms) = preSolution
		Debug|Any CPU = Debug|Any CPU
		Release|Any CPU = Release|Any CPU
	EndGlobalSection
	GlobalSection(ProjectConfigurationPlatforms) = postSolution
		{9E29FD33-E82B-46B1-AF85-CFD967151616}.Debug|Any CPU.ActiveCfg = Debug|Any CPU
		{9E29FD33-E82B-46B1-AF85-CFD967151616}.Debug|Any CPU.Build.0 = Debug|Any CPU
		{9E29FD33-E82B-46B1-AF85-CFD967151616}.Release|Any CPU.ActiveCfg = Release|Any CPU
		{9E29FD33-E82B-46B1-AF85-CFD967151616}.Release|Any CPU.Build.0 = Release|Any CPU
	EndGlobalSection
	GlobalSection(SolutionProperties) = preSolution
		HideSolutionNode = FALSE
	EndGlobalSection
	GlobalSection(ExtensibilityGlobals) = postSolution
		SolutionGuid = {B1970A80-CC05-4A56-B713-6C0CE8C726D1}
	EndGlobalSection
EndGlobal
